// !$*UTF8*$!
{
	archiveVersion = 1;
	classes = {
	};
	objectVersion = 50;
	objects = {

/* Begin PBXBuildFile section */
		401C586B20F492100010D63E /* RNBridgeModule.m in Sources */ = {isa = PBXBuildFile; fileRef = 401C586A20F492100010D63E /* RNBridgeModule.m */; };
		4088311F20F3315B008EAB24 /* AppDelegate.m in Sources */ = {isa = PBXBuildFile; fileRef = 4088311E20F3315B008EAB24 /* AppDelegate.m */; };
		4088312220F3315B008EAB24 /* ViewController.m in Sources */ = {isa = PBXBuildFile; fileRef = 4088312120F3315B008EAB24 /* ViewController.m */; };
		4088312520F3315B008EAB24 /* Main.storyboard in Resources */ = {isa = PBXBuildFile; fileRef = 4088312320F3315B008EAB24 /* Main.storyboard */; };
		4088312720F3315D008EAB24 /* Assets.xcassets in Resources */ = {isa = PBXBuildFile; fileRef = 4088312620F3315D008EAB24 /* Assets.xcassets */; };
		4088312A20F3315D008EAB24 /* LaunchScreen.storyboard in Resources */ = {isa = PBXBuildFile; fileRef = 4088312820F3315D008EAB24 /* LaunchScreen.storyboard */; };
		4088312D20F3315D008EAB24 /* main.m in Sources */ = {isa = PBXBuildFile; fileRef = 4088312C20F3315D008EAB24 /* main.m */; };
		79B4140DEBAB667DE67A9C6E /* libPods-TestMPOSRN.a in Frameworks */ = {isa = PBXBuildFile; fileRef = D65F02BA8725414F3D449FDD /* libPods-TestMPOSRN.a */; };
/* End PBXBuildFile section */

/* Begin PBXFileReference section */
		401C586920F4920F0010D63E /* RNBridgeModule.h */ = {isa = PBXFileReference; fileEncoding = 4; lastKnownFileType = sourcecode.c.h; path = RNBridgeModule.h; sourceTree = "<group>"; };
		401C586A20F492100010D63E /* RNBridgeModule.m */ = {isa = PBXFileReference; fileEncoding = 4; lastKnownFileType = sourcecode.c.objc; path = RNBridgeModule.m; sourceTree = "<group>"; };
		4088311A20F3315B008EAB24 /* TestMPOSRN.app */ = {isa = PBXFileReference; explicitFileType = wrapper.application; includeInIndex = 0; path = TestMPOSRN.app; sourceTree = BUILT_PRODUCTS_DIR; };
		4088311D20F3315B008EAB24 /* AppDelegate.h */ = {isa = PBXFileReference; lastKnownFileType = sourcecode.c.h; path = AppDelegate.h; sourceTree = "<group>"; };
		4088311E20F3315B008EAB24 /* AppDelegate.m */ = {isa = PBXFileReference; lastKnownFileType = sourcecode.c.objc; path = AppDelegate.m; sourceTree = "<group>"; };
		4088312020F3315B008EAB24 /* ViewController.h */ = {isa = PBXFileReference; lastKnownFileType = sourcecode.c.h; path = ViewController.h; sourceTree = "<group>"; };
		4088312120F3315B008EAB24 /* ViewController.m */ = {isa = PBXFileReference; lastKnownFileType = sourcecode.c.objc; path = ViewController.m; sourceTree = "<group>"; };
		4088312420F3315B008EAB24 /* Base */ = {isa = PBXFileReference; lastKnownFileType = file.storyboard; name = Base; path = Base.lproj/Main.storyboard; sourceTree = "<group>"; };
		4088312620F3315D008EAB24 /* Assets.xcassets */ = {isa = PBXFileReference; lastKnownFileType = folder.assetcatalog; path = Assets.xcassets; sourceTree = "<group>"; };
		4088312920F3315D008EAB24 /* Base */ = {isa = PBXFileReference; lastKnownFileType = file.storyboard; name = Base; path = Base.lproj/LaunchScreen.storyboard; sourceTree = "<group>"; };
		4088312B20F3315D008EAB24 /* Info.plist */ = {isa = PBXFileReference; lastKnownFileType = text.plist.xml; path = Info.plist; sourceTree = "<group>"; };
		4088312C20F3315D008EAB24 /* main.m */ = {isa = PBXFileReference; lastKnownFileType = sourcecode.c.objc; path = main.m; sourceTree = "<group>"; };
		87A3A3173212F5F15E59588A /* Pods-TestMPOSRN.debug.xcconfig */ = {isa = PBXFileReference; includeInIndex = 1; lastKnownFileType = text.xcconfig; name = "Pods-TestMPOSRN.debug.xcconfig"; path = "Pods/Target Support Files/Pods-TestMPOSRN/Pods-TestMPOSRN.debug.xcconfig"; sourceTree = "<group>"; };
		8E855E454673842B55E30A71 /* Pods-TestMPOSRN.release.xcconfig */ = {isa = PBXFileReference; includeInIndex = 1; lastKnownFileType = text.xcconfig; name = "Pods-TestMPOSRN.release.xcconfig"; path = "Pods/Target Support Files/Pods-TestMPOSRN/Pods-TestMPOSRN.release.xcconfig"; sourceTree = "<group>"; };
		D65F02BA8725414F3D449FDD /* libPods-TestMPOSRN.a */ = {isa = PBXFileReference; explicitFileType = archive.ar; includeInIndex = 0; path = "libPods-TestMPOSRN.a"; sourceTree = BUILT_PRODUCTS_DIR; };
/* End PBXFileReference section */

/* Begin PBXFrameworksBuildPhase section */
		4088311720F3315B008EAB24 /* Frameworks */ = {
			isa = PBXFrameworksBuildPhase;
			buildActionMask = 2147483647;
			files = (
				79B4140DEBAB667DE67A9C6E /* libPods-TestMPOSRN.a in Frameworks */,
			);
			runOnlyForDeploymentPostprocessing = 0;
		};
/* End PBXFrameworksBuildPhase section */

/* Begin PBXGroup section */
		3B0674E449FD3F74CB0E0079 /* Pods */ = {
			isa = PBXGroup;
			children = (
				87A3A3173212F5F15E59588A /* Pods-TestMPOSRN.debug.xcconfig */,
				8E855E454673842B55E30A71 /* Pods-TestMPOSRN.release.xcconfig */,
			);
			name = Pods;
			sourceTree = "<group>";
		};
		4088311120F3315B008EAB24 = {
			isa = PBXGroup;
			children = (
				4088311C20F3315B008EAB24 /* TestMPOSRN */,
				4088311B20F3315B008EAB24 /* Products */,
				3B0674E449FD3F74CB0E0079 /* Pods */,
				A3B103F290BA2E819A12B2EE /* Frameworks */,
			);
			sourceTree = "<group>";
		};
		4088311B20F3315B008EAB24 /* Products */ = {
			isa = PBXGroup;
			children = (
				4088311A20F3315B008EAB24 /* TestMPOSRN.app */,
			);
			name = Products;
			sourceTree = "<group>";
		};
		4088311C20F3315B008EAB24 /* TestMPOSRN */ = {
			isa = PBXGroup;
			children = (
				4088311D20F3315B008EAB24 /* AppDelegate.h */,
				4088311E20F3315B008EAB24 /* AppDelegate.m */,
				4088312020F3315B008EAB24 /* ViewController.h */,
				4088312120F3315B008EAB24 /* ViewController.m */,
				4088312320F3315B008EAB24 /* Main.storyboard */,
				4088312620F3315D008EAB24 /* Assets.xcassets */,
				4088312820F3315D008EAB24 /* LaunchScreen.storyboard */,
				4088312B20F3315D008EAB24 /* Info.plist */,
				401C586920F4920F0010D63E /* RNBridgeModule.h */,
				401C586A20F492100010D63E /* RNBridgeModule.m */,
				4088312C20F3315D008EAB24 /* main.m */,
			);
			path = TestMPOSRN;
			sourceTree = "<group>";
		};
		A3B103F290BA2E819A12B2EE /* Frameworks */ = {
			isa = PBXGroup;
			children = (
				D65F02BA8725414F3D449FDD /* libPods-TestMPOSRN.a */,
			);
			name = Frameworks;
			sourceTree = "<group>";
		};
/* End PBXGroup section */

/* Begin PBXNativeTarget section */
		4088311920F3315B008EAB24 /* TestMPOSRN */ = {
			isa = PBXNativeTarget;
			buildConfigurationList = 4088313020F3315D008EAB24 /* Build configuration list for PBXNativeTarget "TestMPOSRN" */;
			buildPhases = (
				61ACE56594B735358F6779E2 /* [CP] Check Pods Manifest.lock */,
				4088311620F3315B008EAB24 /* Sources */,
				4088311720F3315B008EAB24 /* Frameworks */,
				4088311820F3315B008EAB24 /* Resources */,
			);
			buildRules = (
			);
			dependencies = (
			);
			name = TestMPOSRN;
			productName = TestMPOSRN;
			productReference = 4088311A20F3315B008EAB24 /* TestMPOSRN.app */;
			productType = "com.apple.product-type.application";
		};
/* End PBXNativeTarget section */

/* Begin PBXProject section */
		4088311220F3315B008EAB24 /* Project object */ = {
			isa = PBXProject;
			attributes = {
				LastUpgradeCheck = 0930;
				ORGANIZATIONNAME = suixingpay;
				TargetAttributes = {
					4088311920F3315B008EAB24 = {
						CreatedOnToolsVersion = 9.3;
					};
				};
			};
			buildConfigurationList = 4088311520F3315B008EAB24 /* Build configuration list for PBXProject "TestMPOSRN" */;
			compatibilityVersion = "Xcode 9.3";
			developmentRegion = en;
			hasScannedForEncodings = 0;
			knownRegions = (
				en,
				Base,
			);
			mainGroup = 4088311120F3315B008EAB24;
			productRefGroup = 4088311B20F3315B008EAB24 /* Products */;
			projectDirPath = "";
			projectRoot = "";
			targets = (
				4088311920F3315B008EAB24 /* TestMPOSRN */,
			);
		};
/* End PBXProject section */

/* Begin PBXResourcesBuildPhase section */
		4088311820F3315B008EAB24 /* Resources */ = {
			isa = PBXResourcesBuildPhase;
			buildActionMask = 2147483647;
			files = (
				4088312A20F3315D008EAB24 /* LaunchScreen.storyboard in Resources */,
				4088312720F3315D008EAB24 /* Assets.xcassets in Resources */,
				4088312520F3315B008EAB24 /* Main.storyboard in Resources */,
			);
			runOnlyForDeploymentPostprocessing = 0;
		};
/* End PBXResourcesBuildPhase section */

/* Begin PBXShellScriptBuildPhase section */
		61ACE56594B735358F6779E2 /* [CP] Check Pods Manifest.lock */ = {
			isa = PBXShellScriptBuildPhase;
			buildActionMask = 2147483647;
			files = (
			);
			inputPaths = (
				"${PODS_PODFILE_DIR_PATH}/Podfile.lock",
				"${PODS_ROOT}/Manifest.lock",
			);
			name = "[CP] Check Pods Manifest.lock";
			outputPaths = (
				"$(DERIVED_FILE_DIR)/Pods-TestMPOSRN-checkManifestLockResult.txt",
			);
			runOnlyForDeploymentPostprocessing = 0;
			shellPath = /bin/sh;
			shellScript = "diff \"${PODS_PODFILE_DIR_PATH}/Podfile.lock\" \"${PODS_ROOT}/Manifest.lock\" > /dev/null\nif [ $? != 0 ] ; then\n    # print error to STDERR\n    echo \"error: The sandbox is not in sync with the Podfile.lock. Run 'pod install' or update your CocoaPods installation.\" >&2\n    exit 1\nfi\n# This output is used by Xcode 'outputs' to avoid re-running this script phase.\necho \"SUCCESS\" > \"${SCRIPT_OUTPUT_FILE_0}\"\n";
			showEnvVarsInLog = 0;
		};
/* End PBXShellScriptBuildPhase section */

/* Begin PBXSourcesBuildPhase section */
		4088311620F3315B008EAB24 /* Sources */ = {
			isa = PBXSourcesBuildPhase;
			buildActionMask = 2147483647;
			files = (
				4088312220F3315B008EAB24 /* ViewController.m in Sources */,
				4088312D20F3315D008EAB24 /* main.m in Sources */,
				401C586B20F492100010D63E /* RNBridgeModule.m in Sources */,
				4088311F20F3315B008EAB24 /* AppDelegate.m in Sources */,
			);
			runOnlyForDeploymentPostprocessing = 0;
		};
/* End PBXSourcesBuildPhase section */

/* Begin PBXVariantGroup section */
		4088312320F3315B008EAB24 /* Main.storyboard */ = {
			isa = PBXVariantGroup;
			children = (
				4088312420F3315B008EAB24 /* Base */,
			);
			name = Main.storyboard;
			sourceTree = "<group>";
		};
		4088312820F3315D008EAB24 /* LaunchScreen.storyboard */ = {
			isa = PBXVariantGroup;
			children = (
				4088312920F3315D008EAB24 /* Base */,
			);
			name = LaunchScreen.storyboard;
			sourceTree = "<group>";
		};
/* End PBXVariantGroup section */

/* Begin XCBuildConfiguration section */
		4088312E20F3315D008EAB24 /* Debug */ = {
			isa = XCBuildConfiguration;
			buildSettings = {
				ALWAYS_SEARCH_USER_PATHS = NO;
				CLANG_ANALYZER_NONNULL = YES;
				CLANG_ANALYZER_NUMBER_OBJECT_CONVERSION = YES_AGGRESSIVE;
				CLANG_CXX_LANGUAGE_STANDARD = "gnu++14";
				CLANG_CXX_LIBRARY = "libc++";
				CLANG_ENABLE_MODULES = YES;
				CLANG_ENABLE_OBJC_ARC = YES;
				CLANG_ENABLE_OBJC_WEAK = YES;
				CLANG_WARN_BLOCK_CAPTURE_AUTORELEASING = YES;
				CLANG_WARN_BOOL_CONVERSION = YES;
				CLANG_WARN_COMMA = YES;
				CLANG_WARN_CONSTANT_CONVERSION = YES;
				CLANG_WARN_DEPRECATED_OBJC_IMPLEMENTATIONS = YES;
				CLANG_WARN_DIRECT_OBJC_ISA_USAGE = YES_ERROR;
				CLANG_WARN_DOCUMENTATION_COMMENTS = YES;
				CLANG_WARN_EMPTY_BODY = YES;
				CLANG_WARN_ENUM_CONVERSION = YES;
				CLANG_WARN_INFINITE_RECURSION = YES;
				CLANG_WARN_INT_CONVERSION = YES;
				CLANG_WARN_NON_LITERAL_NULL_CONVERSION = YES;
				CLANG_WARN_OBJC_IMPLICIT_RETAIN_SELF = YES;
				CLANG_WARN_OBJC_LITERAL_CONVERSION = YES;
				CLANG_WARN_OBJC_ROOT_CLASS = YES_ERROR;
				CLANG_WARN_RANGE_LOOP_ANALYSIS = YES;
				CLANG_WARN_STRICT_PROTOTYPES = YES;
				CLANG_WARN_SUSPICIOUS_MOVE = YES;
				CLANG_WARN_UNGUARDED_AVAILABILITY = YES_AGGRESSIVE;
				CLANG_WARN_UNREACHABLE_CODE = YES;
				CLANG_WARN__DUPLICATE_METHOD_MATCH = YES;
				CODE_SIGN_IDENTITY = "iPhone Developer";
				COPY_PHASE_STRIP = NO;
				DEBUG_INFORMATION_FORMAT = dwarf;
				ENABLE_STRICT_OBJC_MSGSEND = YES;
				ENABLE_TESTABILITY = YES;
				GCC_C_LANGUAGE_STANDARD = gnu11;
				GCC_DYNAMIC_NO_PIC = NO;
				GCC_NO_COMMON_BLOCKS = YES;
				GCC_OPTIMIZATION_LEVEL = 0;
				GCC_PREPROCESSOR_DEFINITIONS = (
					"DEBUG=1",
					"$(inherited)",
				);
				GCC_WARN_64_TO_32_BIT_CONVERSION = YES;
				GCC_WARN_ABOUT_RETURN_TYPE = YES_ERROR;
				GCC_WARN_UNDECLARED_SELECTOR = YES;
				GCC_WARN_UNINITIALIZED_AUTOS = YES_AGGRESSIVE;
				GCC_WARN_UNUSED_FUNCTION = YES;
				GCC_WARN_UNUSED_VARIABLE = YES;
				IPHONEOS_DEPLOYMENT_TARGET = 11.3;
				MTL_ENABLE_DEBUG_INFO = YES;
				ONLY_ACTIVE_ARCH = YES;
				SDKROOT = iphoneos;
			};
			name = Debug;
		};
		4088312F20F3315D008EAB24 /* Release */ = {
			isa = XCBuildConfiguration;
			buildSettings = {
				ALWAYS_SEARCH_USER_PATHS = NO;
				CLANG_ANALYZER_NONNULL = YES;
				CLANG_ANALYZER_NUMBER_OBJECT_CONVERSION = YES_AGGRESSIVE;
				CLANG_CXX_LANGUAGE_STANDARD = "gnu++14";
				CLANG_CXX_LIBRARY = "libc++";
				CLANG_ENABLE_MODULES = YES;
				CLANG_ENABLE_OBJC_ARC = YES;
				CLANG_ENABLE_OBJC_WEAK = YES;
				CLANG_WARN_BLOCK_CAPTURE_AUTORELEASING = YES;
				CLANG_WARN_BOOL_CONVERSION = YES;
				CLANG_WARN_COMMA = YES;
				CLANG_WARN_CONSTANT_CONVERSION = YES;
				CLANG_WARN_DEPRECATED_OBJC_IMPLEMENTATIONS = YES;
				CLANG_WARN_DIRECT_OBJC_ISA_USAGE = YES_ERROR;
				CLANG_WARN_DOCUMENTATION_COMMENTS = YES;
				CLANG_WARN_EMPTY_BODY = YES;
				CLANG_WARN_ENUM_CONVERSION = YES;
				CLANG_WARN_INFINITE_RECURSION = YES;
				CLANG_WARN_INT_CONVERSION = YES;
				CLANG_WARN_NON_LITERAL_NULL_CONVERSION = YES;
				CLANG_WARN_OBJC_IMPLICIT_RETAIN_SELF = YES;
				CLANG_WARN_OBJC_LITERAL_CONVERSION = YES;
				CLANG_WARN_OBJC_ROOT_CLASS = YES_ERROR;
				CLANG_WARN_RANGE_LOOP_ANALYSIS = YES;
				CLANG_WARN_STRICT_PROTOTYPES = YES;
				CLANG_WARN_SUSPICIOUS_MOVE = YES;
				CLANG_WARN_UNGUARDED_AVAILABILITY = YES_AGGRESSIVE;
				CLANG_WARN_UNREACHABLE_CODE = YES;
				CLANG_WARN__DUPLICATE_METHOD_MATCH = YES;
				CODE_SIGN_IDENTITY = "iPhone Developer";
				COPY_PHASE_STRIP = NO;
				DEBUG_INFORMATION_FORMAT = "dwarf-with-dsym";
				ENABLE_NS_ASSERTIONS = NO;
				ENABLE_STRICT_OBJC_MSGSEND = YES;
				GCC_C_LANGUAGE_STANDARD = gnu11;
				GCC_NO_COMMON_BLOCKS = YES;
				GCC_WARN_64_TO_32_BIT_CONVERSION = YES;
				GCC_WARN_ABOUT_RETURN_TYPE = YES_ERROR;
				GCC_WARN_UNDECLARED_SELECTOR = YES;
				GCC_WARN_UNINITIALIZED_AUTOS = YES_AGGRESSIVE;
				GCC_WARN_UNUSED_FUNCTION = YES;
				GCC_WARN_UNUSED_VARIABLE = YES;
				IPHONEOS_DEPLOYMENT_TARGET = 11.3;
				MTL_ENABLE_DEBUG_INFO = NO;
				SDKROOT = iphoneos;
				VALIDATE_PRODUCT = YES;
			};
			name = Release;
		};
		4088313120F3315D008EAB24 /* Debug */ = {
			isa = XCBuildConfiguration;
			baseConfigurationReference = 87A3A3173212F5F15E59588A /* Pods-TestMPOSRN.debug.xcconfig */;
			buildSettings = {
				ASSETCATALOG_COMPILER_APPICON_NAME = AppIcon;
				CODE_SIGN_STYLE = Automatic;
				INFOPLIST_FILE = TestMPOSRN/Info.plist;
				IPHONEOS_DEPLOYMENT_TARGET = 9.0;
				LD_RUNPATH_SEARCH_PATHS = (
					"$(inherited)",
					"@executable_path/Frameworks",
				);
				PRODUCT_BUNDLE_IDENTIFIER = com.suixingpay.testmposrn;
				PRODUCT_NAME = "$(TARGET_NAME)";
				TARGETED_DEVICE_FAMILY = "1,2";
			};
			name = Debug;
		};
		4088313220F3315D008EAB24 /* Release */ = {
			isa = XCBuildConfiguration;
			baseConfigurationReference = 8E855E454673842B55E30A71 /* Pods-TestMPOSRN.release.xcconfig */;
			buildSettings = {
				ASSETCATALOG_COMPILER_APPICON_NAME = AppIcon;
				CODE_SIGN_STYLE = Automatic;
				INFOPLIST_FILE = TestMPOSRN/Info.plist;
				IPHONEOS_DEPLOYMENT_TARGET = 9.0;
				LD_RUNPATH_SEARCH_PATHS = (
					"$(inherited)",
					"@executable_path/Frameworks",
				);
				PRODUCT_BUNDLE_IDENTIFIER = com.suixingpay.testmposrn;
				PRODUCT_NAME = "$(TARGET_NAME)";
				TARGETED_DEVICE_FAMILY = "1,2";
			};
			name = Release;
		};
/* End XCBuildConfiguration section */

/* Begin XCConfigurationList section */
		4088311520F3315B008EAB24 /* Build configuration list for PBXProject "TestMPOSRN" */ = {
			isa = XCConfigurationList;
			buildConfigurations = (
				4088312E20F3315D008EAB24 /* Debug */,
				4088312F20F3315D008EAB24 /* Release */,
			);
			defaultConfigurationIsVisible = 0;
			defaultConfigurationName = Release;
		};
		4088313020F3315D008EAB24 /* Build configuration list for PBXNativeTarget "TestMPOSRN" */ = {
			isa = XCConfigurationList;
			buildConfigurations = (
				4088313120F3315D008EAB24 /* Debug */,
				4088313220F3315D008EAB24 /* Release */,
			);
			defaultConfigurationIsVisible = 0;
			defaultConfigurationName = Release;
		};
/* End XCConfigurationList section */
	};
	rootObject = 4088311220F3315B008EAB24 /* Project object */;
}
